
Microsoft Visual Studio Solution File, Format Version 12.00
# Visual Studio 15
VisualStudioVersion = 15.0.28307.1433
MinimumVisualStudioVersion = 10.0.40219.1
Project("{2150E333-8FDC-42A3-9474-1A3956D46DE8}") = "src", "src", "{DA5FF8FC-7936-4469-94B0-34EF8455EE5D}"
	ProjectSection(SolutionItems) = preProject
		src\Directory.Build.props = src\Directory.Build.props
	EndProjectSection
EndProject
Project("{2150E333-8FDC-42A3-9474-1A3956D46DE8}") = "tests", "tests", "{09DABFA2-E13A-419B-9EEC-11A014E1243C}"
	ProjectSection(SolutionItems) = preProject
		tests\Directory.Build.props = tests\Directory.Build.props
		tests\xunit.runner.json = tests\xunit.runner.json
	EndProjectSection
EndProject
Project("{2150E333-8FDC-42A3-9474-1A3956D46DE8}") = "benchmarks", "benchmarks", "{834C7885-FD66-44D4-A5ED-240E37BED6BD}"
EndProject
Project("{FAE04EC0-301F-11D3-BF4B-00C04F79EFBC}") = "LfrlAnvil.Benchmarks", "benchmarks\LfrlAnvil.Benchmarks\LfrlAnvil.Benchmarks.csproj", "{D446703D-5C74-4478-BDAE-4813082CDA48}"
EndProject
Project("{FAE04EC0-301F-11D3-BF4B-00C04F79EFBC}") = "LfrlAnvil.TestExtensions", "tests\LfrlAnvil.TestExtensions\LfrlAnvil.TestExtensions.csproj", "{80BD79F2-B835-4789-9FA6-A7238994C7C3}"
EndProject
Project("{2150E333-8FDC-42A3-9474-1A3956D46DE8}") = "console", "console", "{DB23EBFC-46F1-4B6A-89D8-E046C7F5BCA3}"
EndProject
Project("{FAE04EC0-301F-11D3-BF4B-00C04F79EFBC}") = "LfrlAnvil.ConsoleApp", "console\LfrlAnvil.ConsoleApp\LfrlAnvil.ConsoleApp.csproj", "{9FD358A6-D0AF-4D58-86D3-F13EEE8A0779}"
EndProject
Project("{FAE04EC0-301F-11D3-BF4B-00C04F79EFBC}") = "LfrlAnvil.Core", "src\LfrlAnvil.Core\LfrlAnvil.Core.csproj", "{C144B4EF-D4BA-44A0-B969-64CABA302AF7}"
EndProject
Project("{FAE04EC0-301F-11D3-BF4B-00C04F79EFBC}") = "LfrlAnvil.Chrono", "src\LfrlAnvil.Chrono\LfrlAnvil.Chrono.csproj", "{42892FB4-5427-4C90-A790-225AA6D21A42}"
EndProject
Project("{FAE04EC0-301F-11D3-BF4B-00C04F79EFBC}") = "LfrlAnvil.Collections", "src\LfrlAnvil.Collections\LfrlAnvil.Collections.csproj", "{E90940B3-D159-4856-B2BE-A4F81A5BC62E}"
EndProject
Project("{FAE04EC0-301F-11D3-BF4B-00C04F79EFBC}") = "LfrlAnvil.Functional", "src\LfrlAnvil.Functional\LfrlAnvil.Functional.csproj", "{72A2567C-9A3D-4851-BF39-6FEC4A77CD62}"
EndProject
Project("{FAE04EC0-301F-11D3-BF4B-00C04F79EFBC}") = "LfrlAnvil.Identifiers", "src\LfrlAnvil.Identifiers\LfrlAnvil.Identifiers.csproj", "{6FA4E845-6045-43EF-81B0-DD679FD66F72}"
EndProject
Project("{FAE04EC0-301F-11D3-BF4B-00C04F79EFBC}") = "LfrlAnvil.Core.Tests", "tests\LfrlAnvil.Core.Tests\LfrlAnvil.Core.Tests.csproj", "{A119C7A9-EF20-4061-B766-C60D29A70FC6}"
EndProject
Project("{FAE04EC0-301F-11D3-BF4B-00C04F79EFBC}") = "LfrlAnvil.Collections.Tests", "tests\LfrlAnvil.Collections.Tests\LfrlAnvil.Collections.Tests.csproj", "{2547E16E-2520-4FD8-8B21-A79EDC6C31D4}"
EndProject
Project("{FAE04EC0-301F-11D3-BF4B-00C04F79EFBC}") = "LfrlAnvil.Functional.Tests", "tests\LfrlAnvil.Functional.Tests\LfrlAnvil.Functional.Tests.csproj", "{1B3B5AF3-72DE-4663-AEF6-3E7507B3E932}"
EndProject
Project("{FAE04EC0-301F-11D3-BF4B-00C04F79EFBC}") = "LfrlAnvil.Chrono.Tests", "tests\LfrlAnvil.Chrono.Tests\LfrlAnvil.Chrono.Tests.csproj", "{0D786F73-2CC8-488D-885E-601662E951BA}"
EndProject
Project("{FAE04EC0-301F-11D3-BF4B-00C04F79EFBC}") = "LfrlAnvil.Identifiers.Tests", "tests\LfrlAnvil.Identifiers.Tests\LfrlAnvil.Identifiers.Tests.csproj", "{9940E73F-D522-4386-8D0D-65B32DBC58E1}"
EndProject
Project("{FAE04EC0-301F-11D3-BF4B-00C04F79EFBC}") = "LfrlAnvil.Mapping", "src\LfrlAnvil.Mapping\LfrlAnvil.Mapping.csproj", "{07E6EBC3-B2CD-4C17-B6B9-C82A12D45833}"
EndProject
Project("{FAE04EC0-301F-11D3-BF4B-00C04F79EFBC}") = "LfrlAnvil.Mapping.Tests", "tests\LfrlAnvil.Mapping.Tests\LfrlAnvil.Mapping.Tests.csproj", "{72B43CB5-44B4-46E6-92DE-59948E2F8DC7}"
EndProject
Project("{FAE04EC0-301F-11D3-BF4B-00C04F79EFBC}") = "LfrlAnvil.Requests", "src\LfrlAnvil.Requests\LfrlAnvil.Requests.csproj", "{81B0C9AC-4939-4429-9995-FA015DBFC378}"
EndProject
Project("{FAE04EC0-301F-11D3-BF4B-00C04F79EFBC}") = "LfrlAnvil.Requests.Tests", "tests\LfrlAnvil.Requests.Tests\LfrlAnvil.Requests.Tests.csproj", "{A01A8E49-712C-46D9-9230-CBFE7483DD18}"
EndProject
Project("{2150E333-8FDC-42A3-9474-1A3956D46DE8}") = "LfrlAnvil.Reactive", "LfrlAnvil.Reactive", "{EB63C054-F72C-4A32-8035-34336AB3832F}"
EndProject
Project("{FAE04EC0-301F-11D3-BF4B-00C04F79EFBC}") = "LfrlAnvil.Reactive.Core", "src\LfrlAnvil.Reactive\LfrlAnvil.Reactive.Core\LfrlAnvil.Reactive.Core.csproj", "{2BFC496E-AF04-4160-A397-C58EB35F2889}"
EndProject
Project("{2150E333-8FDC-42A3-9474-1A3956D46DE8}") = "LfrlAnvil.Reactive.Tests", "LfrlAnvil.Reactive.Tests", "{A7FCB7E4-087D-45D3-B505-7EB5FEC97AB6}"
EndProject
Project("{FAE04EC0-301F-11D3-BF4B-00C04F79EFBC}") = "LfrlAnvil.Reactive.Core.Tests", "tests\LfrlAnvil.Reactive.Tests\LfrlAnvil.Reactive.Core.Tests\LfrlAnvil.Reactive.Core.Tests.csproj", "{DAFAFF88-7BD3-4A72-B492-7B0E9365E18F}"
EndProject
Project("{FAE04EC0-301F-11D3-BF4B-00C04F79EFBC}") = "LfrlAnvil.Reactive.Queues", "src\LfrlAnvil.Reactive\LfrlAnvil.Reactive.Queues\LfrlAnvil.Reactive.Queues.csproj", "{4A3E9BDB-B21C-4259-8408-56B8FE307466}"
EndProject
Project("{FAE04EC0-301F-11D3-BF4B-00C04F79EFBC}") = "LfrlAnvil.Reactive.Queues.Tests", "tests\LfrlAnvil.Reactive.Tests\LfrlAnvil.Reactive.Queues.Tests\LfrlAnvil.Reactive.Queues.Tests.csproj", "{82806DCE-E69F-4914-A677-29CEBF64020B}"
EndProject
Project("{FAE04EC0-301F-11D3-BF4B-00C04F79EFBC}") = "LfrlAnvil.Reactive.Chrono", "src\LfrlAnvil.Reactive\LfrlAnvil.Reactive.Chrono\LfrlAnvil.Reactive.Chrono.csproj", "{827D9C50-258C-4E77-8EA8-7D9343B89F6F}"
EndProject
Project("{FAE04EC0-301F-11D3-BF4B-00C04F79EFBC}") = "LfrlAnvil.Reactive.Chrono.Tests", "tests\LfrlAnvil.Reactive.Tests\LfrlAnvil.Reactive.Chrono.Tests\LfrlAnvil.Reactive.Chrono.Tests.csproj", "{0C142DB0-7907-42D9-A4E0-8847C1AD6871}"
EndProject
Project("{2150E333-8FDC-42A3-9474-1A3956D46DE8}") = "LfrlAnvil.Computable", "LfrlAnvil.Computable", "{00A3D6BB-0C0F-43FA-B532-B56D3FE7399C}"
EndProject
Project("{FAE04EC0-301F-11D3-BF4B-00C04F79EFBC}") = "LfrlAnvil.Computable.Expressions", "src\LfrlAnvil.Computable\LfrlAnvil.Computable.Expressions\LfrlAnvil.Computable.Expressions.csproj", "{C8A696A9-FE61-4B58-BC72-397807FE0121}"
EndProject
Project("{2150E333-8FDC-42A3-9474-1A3956D46DE8}") = "LfrlAnvil.Computable.Tests", "LfrlAnvil.Computable.Tests", "{1F9FD778-E970-48A3-AF1B-7817C4113E7A}"
EndProject
Project("{FAE04EC0-301F-11D3-BF4B-00C04F79EFBC}") = "LfrlAnvil.Computable.Expressions.Tests", "tests\LfrlAnvil.Computable.Tests\LfrlAnvil.Computable.Expressions.Tests\LfrlAnvil.Computable.Expressions.Tests.csproj", "{059D8E0F-1012-4105-9151-0A17D89FF8FD}"
EndProject
Project("{FAE04EC0-301F-11D3-BF4B-00C04F79EFBC}") = "LfrlAnvil.Computable.Automata", "src\LfrlAnvil.Computable\LfrlAnvil.Computable.Automata\LfrlAnvil.Computable.Automata.csproj", "{5D07EB05-1F8B-4039-B918-74B83E774962}"
EndProject
Project("{FAE04EC0-301F-11D3-BF4B-00C04F79EFBC}") = "LfrlAnvil.Computable.Automata.Tests", "tests\LfrlAnvil.Computable.Tests\LfrlAnvil.Computable.Automata.Tests\LfrlAnvil.Computable.Automata.Tests.csproj", "{8F249C8B-D9A2-4D33-B8F9-0A96250A5F44}"
EndProject
Project("{FAE04EC0-301F-11D3-BF4B-00C04F79EFBC}") = "LfrlAnvil.Reactive.State", "src\LfrlAnvil.Reactive\LfrlAnvil.Reactive.State\LfrlAnvil.Reactive.State.csproj", "{50934C5A-4A98-44A7-B003-FBC9B32F8881}"
EndProject
Project("{FAE04EC0-301F-11D3-BF4B-00C04F79EFBC}") = "LfrlAnvil.Reactive.State.Tests", "tests\LfrlAnvil.Reactive.Tests\LfrlAnvil.Reactive.State.Tests\LfrlAnvil.Reactive.State.Tests.csproj", "{3B21D513-DC00-45C9-9AF3-9AD960968D3B}"
EndProject
Project("{FAE04EC0-301F-11D3-BF4B-00C04F79EFBC}") = "LfrlAnvil.Validation", "src\LfrlAnvil.Validation\LfrlAnvil.Validation.csproj", "{B83B1EC7-118E-4EF6-8F6A-E3E133E398C5}"
EndProject
Project("{FAE04EC0-301F-11D3-BF4B-00C04F79EFBC}") = "LfrlAnvil.Validation.Tests", "tests\LfrlAnvil.Validation.Tests\LfrlAnvil.Validation.Tests.csproj", "{AB5F4461-9706-4799-A560-95E15BE906E8}"
EndProject
Project("{FAE04EC0-301F-11D3-BF4B-00C04F79EFBC}") = "LfrlAnvil.Dependencies", "src\LfrlAnvil.Dependencies\LfrlAnvil.Dependencies.csproj", "{2E34CCC9-081A-4E66-8EE4-DF3B58800E71}"
EndProject
Project("{FAE04EC0-301F-11D3-BF4B-00C04F79EFBC}") = "LfrlAnvil.Dependencies.Tests", "tests\LfrlAnvil.Dependencies.Tests\LfrlAnvil.Dependencies.Tests.csproj", "{70C62A62-D988-44B6-9B57-6B235039DD34}"
EndProject
Project("{2150E333-8FDC-42A3-9474-1A3956D46DE8}") = "LfrlAnvil.Sql", "LfrlAnvil.Sql", "{0BAE0616-F6DE-418E-A8A1-D64775B3A16B}"
EndProject
Project("{FAE04EC0-301F-11D3-BF4B-00C04F79EFBC}") = "LfrlAnvil.Sql.Core", "src\LfrlAnvil.Sql\LfrlAnvil.Sql.Core\LfrlAnvil.Sql.Core.csproj", "{CB0D3499-0BBC-407F-9052-F67029527570}"
EndProject
Project("{FAE04EC0-301F-11D3-BF4B-00C04F79EFBC}") = "LfrlAnvil.Sqlite", "src\LfrlAnvil.Sql\LfrlAnvil.Sqlite\LfrlAnvil.Sqlite.csproj", "{C6936A86-C28E-4B9B-BD16-5B1524BF338D}"
EndProject
Project("{2150E333-8FDC-42A3-9474-1A3956D46DE8}") = "LfrlAnvil.Sql.Tests", "LfrlAnvil.Sql.Tests", "{8A1D7AD5-2FB3-41C5-8F38-7120106B427B}"
EndProject
Project("{FAE04EC0-301F-11D3-BF4B-00C04F79EFBC}") = "LfrlAnvil.Sqlite.Tests", "tests\LfrlAnvil.Sql.Tests\LfrlAnvil.Sqlite.Tests\LfrlAnvil.Sqlite.Tests.csproj", "{7EB76C79-EABF-4C6C-9B7B-46E8141E996C}"
EndProject
Project("{FAE04EC0-301F-11D3-BF4B-00C04F79EFBC}") = "LfrlAnvil.Sql.Core.Tests", "tests\LfrlAnvil.Sql.Tests\LfrlAnvil.Sql.Core.Tests\LfrlAnvil.Sql.Core.Tests.csproj", "{5D025DE8-88F2-44A7-B0B9-D2972BD4A616}"
EndProject
Project("{2150E333-8FDC-42A3-9474-1A3956D46DE8}") = "external", "external", "{285A905E-AE07-496C-8A34-1D812B4A236A}"
	ProjectSection(SolutionItems) = preProject
		Directory.Build.props = Directory.Build.props
		todo.md = todo.md
		readme.md = readme.md
		LICENSE = LICENSE
	EndProjectSection
EndProject
Project("{FAE04EC0-301F-11D3-BF4B-00C04F79EFBC}") = "LfrlAnvil.MySql", "src\LfrlAnvil.Sql\LfrlAnvil.MySql\LfrlAnvil.MySql.csproj", "{2F38DCB8-8304-48E7-B3D6-3A5ACD4B5A96}"
EndProject
Project("{FAE04EC0-301F-11D3-BF4B-00C04F79EFBC}") = "LfrlAnvil.MySql.Tests", "tests\LfrlAnvil.Sql.Tests\LfrlAnvil.MySql.Tests\LfrlAnvil.MySql.Tests.csproj", "{FE2169AD-6B04-4572-B901-35D45689CCC4}"
EndProject
Project("{FAE04EC0-301F-11D3-BF4B-00C04F79EFBC}") = "LfrlAnvil.TestExtensions.Sql", "tests\LfrlAnvil.TestExtensions.Sql\LfrlAnvil.TestExtensions.Sql.csproj", "{F9EAB9B2-5E20-45E8-8E2C-7E415EA2C896}"
EndProject
Project("{FAE04EC0-301F-11D3-BF4B-00C04F79EFBC}") = "LfrlAnvil.PostgreSql", "src\LfrlAnvil.Sql\LfrlAnvil.PostgreSql\LfrlAnvil.PostgreSql.csproj", "{96CA4F11-462C-4E81-A640-A9E61DF4AADE}"
EndProject
Project("{FAE04EC0-301F-11D3-BF4B-00C04F79EFBC}") = "LfrlAnvil.PostgreSql.Tests", "tests\LfrlAnvil.Sql.Tests\LfrlAnvil.PostgreSql.Tests\LfrlAnvil.PostgreSql.Tests.csproj", "{4F532B59-B5EA-444B-8556-9F56C0226E63}"
EndProject
Project("{2150E333-8FDC-42A3-9474-1A3956D46DE8}") = "scripts", "scripts", "{714B0706-1D2C-4C61-BC4E-093942C18885}"
	ProjectSection(SolutionItems) = preProject
		scripts\build.cake = scripts\build.cake
		.github\workflows\dotnet.yml = .github\workflows\dotnet.yml
		scripts\docfx.cake = scripts\docfx.cake
		scripts\projects.cake = scripts\projects.cake
	EndProjectSection
EndProject
Global
	GlobalSection(SolutionConfigurationPlatforms) = preSolution
		Debug|Any CPU = Debug|Any CPU
		Release|Any CPU = Release|Any CPU
	EndGlobalSection
	GlobalSection(ProjectConfigurationPlatforms) = postSolution
		{D446703D-5C74-4478-BDAE-4813082CDA48}.Debug|Any CPU.ActiveCfg = Debug|Any CPU
		{D446703D-5C74-4478-BDAE-4813082CDA48}.Debug|Any CPU.Build.0 = Debug|Any CPU
		{D446703D-5C74-4478-BDAE-4813082CDA48}.Release|Any CPU.ActiveCfg = Release|Any CPU
		{D446703D-5C74-4478-BDAE-4813082CDA48}.Release|Any CPU.Build.0 = Release|Any CPU
		{80BD79F2-B835-4789-9FA6-A7238994C7C3}.Debug|Any CPU.ActiveCfg = Debug|Any CPU
		{80BD79F2-B835-4789-9FA6-A7238994C7C3}.Debug|Any CPU.Build.0 = Debug|Any CPU
		{80BD79F2-B835-4789-9FA6-A7238994C7C3}.Release|Any CPU.ActiveCfg = Release|Any CPU
		{80BD79F2-B835-4789-9FA6-A7238994C7C3}.Release|Any CPU.Build.0 = Release|Any CPU
		{9FD358A6-D0AF-4D58-86D3-F13EEE8A0779}.Debug|Any CPU.ActiveCfg = Debug|Any CPU
		{9FD358A6-D0AF-4D58-86D3-F13EEE8A0779}.Debug|Any CPU.Build.0 = Debug|Any CPU
		{9FD358A6-D0AF-4D58-86D3-F13EEE8A0779}.Release|Any CPU.ActiveCfg = Release|Any CPU
		{9FD358A6-D0AF-4D58-86D3-F13EEE8A0779}.Release|Any CPU.Build.0 = Release|Any CPU
		{C144B4EF-D4BA-44A0-B969-64CABA302AF7}.Debug|Any CPU.ActiveCfg = Debug|Any CPU
		{C144B4EF-D4BA-44A0-B969-64CABA302AF7}.Debug|Any CPU.Build.0 = Debug|Any CPU
		{C144B4EF-D4BA-44A0-B969-64CABA302AF7}.Release|Any CPU.ActiveCfg = Release|Any CPU
		{C144B4EF-D4BA-44A0-B969-64CABA302AF7}.Release|Any CPU.Build.0 = Release|Any CPU
		{42892FB4-5427-4C90-A790-225AA6D21A42}.Debug|Any CPU.ActiveCfg = Debug|Any CPU
		{42892FB4-5427-4C90-A790-225AA6D21A42}.Debug|Any CPU.Build.0 = Debug|Any CPU
		{42892FB4-5427-4C90-A790-225AA6D21A42}.Release|Any CPU.ActiveCfg = Release|Any CPU
		{42892FB4-5427-4C90-A790-225AA6D21A42}.Release|Any CPU.Build.0 = Release|Any CPU
		{E90940B3-D159-4856-B2BE-A4F81A5BC62E}.Debug|Any CPU.ActiveCfg = Debug|Any CPU
		{E90940B3-D159-4856-B2BE-A4F81A5BC62E}.Debug|Any CPU.Build.0 = Debug|Any CPU
		{E90940B3-D159-4856-B2BE-A4F81A5BC62E}.Release|Any CPU.ActiveCfg = Release|Any CPU
		{E90940B3-D159-4856-B2BE-A4F81A5BC62E}.Release|Any CPU.Build.0 = Release|Any CPU
		{72A2567C-9A3D-4851-BF39-6FEC4A77CD62}.Debug|Any CPU.ActiveCfg = Debug|Any CPU
		{72A2567C-9A3D-4851-BF39-6FEC4A77CD62}.Debug|Any CPU.Build.0 = Debug|Any CPU
		{72A2567C-9A3D-4851-BF39-6FEC4A77CD62}.Release|Any CPU.ActiveCfg = Release|Any CPU
		{72A2567C-9A3D-4851-BF39-6FEC4A77CD62}.Release|Any CPU.Build.0 = Release|Any CPU
		{6FA4E845-6045-43EF-81B0-DD679FD66F72}.Debug|Any CPU.ActiveCfg = Debug|Any CPU
		{6FA4E845-6045-43EF-81B0-DD679FD66F72}.Debug|Any CPU.Build.0 = Debug|Any CPU
		{6FA4E845-6045-43EF-81B0-DD679FD66F72}.Release|Any CPU.ActiveCfg = Release|Any CPU
		{6FA4E845-6045-43EF-81B0-DD679FD66F72}.Release|Any CPU.Build.0 = Release|Any CPU
		{A119C7A9-EF20-4061-B766-C60D29A70FC6}.Debug|Any CPU.ActiveCfg = Debug|Any CPU
		{A119C7A9-EF20-4061-B766-C60D29A70FC6}.Debug|Any CPU.Build.0 = Debug|Any CPU
		{A119C7A9-EF20-4061-B766-C60D29A70FC6}.Release|Any CPU.ActiveCfg = Release|Any CPU
		{A119C7A9-EF20-4061-B766-C60D29A70FC6}.Release|Any CPU.Build.0 = Release|Any CPU
		{2547E16E-2520-4FD8-8B21-A79EDC6C31D4}.Debug|Any CPU.ActiveCfg = Debug|Any CPU
		{2547E16E-2520-4FD8-8B21-A79EDC6C31D4}.Debug|Any CPU.Build.0 = Debug|Any CPU
		{2547E16E-2520-4FD8-8B21-A79EDC6C31D4}.Release|Any CPU.ActiveCfg = Release|Any CPU
		{2547E16E-2520-4FD8-8B21-A79EDC6C31D4}.Release|Any CPU.Build.0 = Release|Any CPU
		{1B3B5AF3-72DE-4663-AEF6-3E7507B3E932}.Debug|Any CPU.ActiveCfg = Debug|Any CPU
		{1B3B5AF3-72DE-4663-AEF6-3E7507B3E932}.Debug|Any CPU.Build.0 = Debug|Any CPU
		{1B3B5AF3-72DE-4663-AEF6-3E7507B3E932}.Release|Any CPU.ActiveCfg = Release|Any CPU
		{1B3B5AF3-72DE-4663-AEF6-3E7507B3E932}.Release|Any CPU.Build.0 = Release|Any CPU
		{0D786F73-2CC8-488D-885E-601662E951BA}.Debug|Any CPU.ActiveCfg = Debug|Any CPU
		{0D786F73-2CC8-488D-885E-601662E951BA}.Debug|Any CPU.Build.0 = Debug|Any CPU
		{0D786F73-2CC8-488D-885E-601662E951BA}.Release|Any CPU.ActiveCfg = Release|Any CPU
		{0D786F73-2CC8-488D-885E-601662E951BA}.Release|Any CPU.Build.0 = Release|Any CPU
		{9940E73F-D522-4386-8D0D-65B32DBC58E1}.Debug|Any CPU.ActiveCfg = Debug|Any CPU
		{9940E73F-D522-4386-8D0D-65B32DBC58E1}.Debug|Any CPU.Build.0 = Debug|Any CPU
		{9940E73F-D522-4386-8D0D-65B32DBC58E1}.Release|Any CPU.ActiveCfg = Release|Any CPU
		{9940E73F-D522-4386-8D0D-65B32DBC58E1}.Release|Any CPU.Build.0 = Release|Any CPU
		{07E6EBC3-B2CD-4C17-B6B9-C82A12D45833}.Debug|Any CPU.ActiveCfg = Debug|Any CPU
		{07E6EBC3-B2CD-4C17-B6B9-C82A12D45833}.Debug|Any CPU.Build.0 = Debug|Any CPU
		{07E6EBC3-B2CD-4C17-B6B9-C82A12D45833}.Release|Any CPU.ActiveCfg = Release|Any CPU
		{07E6EBC3-B2CD-4C17-B6B9-C82A12D45833}.Release|Any CPU.Build.0 = Release|Any CPU
		{72B43CB5-44B4-46E6-92DE-59948E2F8DC7}.Debug|Any CPU.ActiveCfg = Debug|Any CPU
		{72B43CB5-44B4-46E6-92DE-59948E2F8DC7}.Debug|Any CPU.Build.0 = Debug|Any CPU
		{72B43CB5-44B4-46E6-92DE-59948E2F8DC7}.Release|Any CPU.ActiveCfg = Release|Any CPU
		{72B43CB5-44B4-46E6-92DE-59948E2F8DC7}.Release|Any CPU.Build.0 = Release|Any CPU
		{81B0C9AC-4939-4429-9995-FA015DBFC378}.Debug|Any CPU.ActiveCfg = Debug|Any CPU
		{81B0C9AC-4939-4429-9995-FA015DBFC378}.Debug|Any CPU.Build.0 = Debug|Any CPU
		{81B0C9AC-4939-4429-9995-FA015DBFC378}.Release|Any CPU.ActiveCfg = Release|Any CPU
		{81B0C9AC-4939-4429-9995-FA015DBFC378}.Release|Any CPU.Build.0 = Release|Any CPU
		{A01A8E49-712C-46D9-9230-CBFE7483DD18}.Debug|Any CPU.ActiveCfg = Debug|Any CPU
		{A01A8E49-712C-46D9-9230-CBFE7483DD18}.Debug|Any CPU.Build.0 = Debug|Any CPU
		{A01A8E49-712C-46D9-9230-CBFE7483DD18}.Release|Any CPU.ActiveCfg = Release|Any CPU
		{A01A8E49-712C-46D9-9230-CBFE7483DD18}.Release|Any CPU.Build.0 = Release|Any CPU
		{2BFC496E-AF04-4160-A397-C58EB35F2889}.Debug|Any CPU.ActiveCfg = Debug|Any CPU
		{2BFC496E-AF04-4160-A397-C58EB35F2889}.Debug|Any CPU.Build.0 = Debug|Any CPU
		{2BFC496E-AF04-4160-A397-C58EB35F2889}.Release|Any CPU.ActiveCfg = Release|Any CPU
		{2BFC496E-AF04-4160-A397-C58EB35F2889}.Release|Any CPU.Build.0 = Release|Any CPU
		{DAFAFF88-7BD3-4A72-B492-7B0E9365E18F}.Debug|Any CPU.ActiveCfg = Debug|Any CPU
		{DAFAFF88-7BD3-4A72-B492-7B0E9365E18F}.Debug|Any CPU.Build.0 = Debug|Any CPU
		{DAFAFF88-7BD3-4A72-B492-7B0E9365E18F}.Release|Any CPU.ActiveCfg = Release|Any CPU
		{DAFAFF88-7BD3-4A72-B492-7B0E9365E18F}.Release|Any CPU.Build.0 = Release|Any CPU
		{4A3E9BDB-B21C-4259-8408-56B8FE307466}.Debug|Any CPU.ActiveCfg = Debug|Any CPU
		{4A3E9BDB-B21C-4259-8408-56B8FE307466}.Debug|Any CPU.Build.0 = Debug|Any CPU
		{4A3E9BDB-B21C-4259-8408-56B8FE307466}.Release|Any CPU.ActiveCfg = Release|Any CPU
		{4A3E9BDB-B21C-4259-8408-56B8FE307466}.Release|Any CPU.Build.0 = Release|Any CPU
		{82806DCE-E69F-4914-A677-29CEBF64020B}.Debug|Any CPU.ActiveCfg = Debug|Any CPU
		{82806DCE-E69F-4914-A677-29CEBF64020B}.Debug|Any CPU.Build.0 = Debug|Any CPU
		{82806DCE-E69F-4914-A677-29CEBF64020B}.Release|Any CPU.ActiveCfg = Release|Any CPU
		{82806DCE-E69F-4914-A677-29CEBF64020B}.Release|Any CPU.Build.0 = Release|Any CPU
		{827D9C50-258C-4E77-8EA8-7D9343B89F6F}.Debug|Any CPU.ActiveCfg = Debug|Any CPU
		{827D9C50-258C-4E77-8EA8-7D9343B89F6F}.Debug|Any CPU.Build.0 = Debug|Any CPU
		{827D9C50-258C-4E77-8EA8-7D9343B89F6F}.Release|Any CPU.ActiveCfg = Release|Any CPU
		{827D9C50-258C-4E77-8EA8-7D9343B89F6F}.Release|Any CPU.Build.0 = Release|Any CPU
		{0C142DB0-7907-42D9-A4E0-8847C1AD6871}.Debug|Any CPU.ActiveCfg = Debug|Any CPU
		{0C142DB0-7907-42D9-A4E0-8847C1AD6871}.Debug|Any CPU.Build.0 = Debug|Any CPU
		{0C142DB0-7907-42D9-A4E0-8847C1AD6871}.Release|Any CPU.ActiveCfg = Release|Any CPU
		{0C142DB0-7907-42D9-A4E0-8847C1AD6871}.Release|Any CPU.Build.0 = Release|Any CPU
		{C8A696A9-FE61-4B58-BC72-397807FE0121}.Debug|Any CPU.ActiveCfg = Debug|Any CPU
		{C8A696A9-FE61-4B58-BC72-397807FE0121}.Debug|Any CPU.Build.0 = Debug|Any CPU
		{C8A696A9-FE61-4B58-BC72-397807FE0121}.Release|Any CPU.ActiveCfg = Release|Any CPU
		{C8A696A9-FE61-4B58-BC72-397807FE0121}.Release|Any CPU.Build.0 = Release|Any CPU
		{059D8E0F-1012-4105-9151-0A17D89FF8FD}.Debug|Any CPU.ActiveCfg = Debug|Any CPU
		{059D8E0F-1012-4105-9151-0A17D89FF8FD}.Debug|Any CPU.Build.0 = Debug|Any CPU
		{059D8E0F-1012-4105-9151-0A17D89FF8FD}.Release|Any CPU.ActiveCfg = Release|Any CPU
		{059D8E0F-1012-4105-9151-0A17D89FF8FD}.Release|Any CPU.Build.0 = Release|Any CPU
		{5D07EB05-1F8B-4039-B918-74B83E774962}.Debug|Any CPU.ActiveCfg = Debug|Any CPU
		{5D07EB05-1F8B-4039-B918-74B83E774962}.Debug|Any CPU.Build.0 = Debug|Any CPU
		{5D07EB05-1F8B-4039-B918-74B83E774962}.Release|Any CPU.ActiveCfg = Release|Any CPU
		{5D07EB05-1F8B-4039-B918-74B83E774962}.Release|Any CPU.Build.0 = Release|Any CPU
		{8F249C8B-D9A2-4D33-B8F9-0A96250A5F44}.Debug|Any CPU.ActiveCfg = Debug|Any CPU
		{8F249C8B-D9A2-4D33-B8F9-0A96250A5F44}.Debug|Any CPU.Build.0 = Debug|Any CPU
		{8F249C8B-D9A2-4D33-B8F9-0A96250A5F44}.Release|Any CPU.ActiveCfg = Release|Any CPU
		{8F249C8B-D9A2-4D33-B8F9-0A96250A5F44}.Release|Any CPU.Build.0 = Release|Any CPU
		{50934C5A-4A98-44A7-B003-FBC9B32F8881}.Debug|Any CPU.ActiveCfg = Debug|Any CPU
		{50934C5A-4A98-44A7-B003-FBC9B32F8881}.Debug|Any CPU.Build.0 = Debug|Any CPU
		{50934C5A-4A98-44A7-B003-FBC9B32F8881}.Release|Any CPU.ActiveCfg = Release|Any CPU
		{50934C5A-4A98-44A7-B003-FBC9B32F8881}.Release|Any CPU.Build.0 = Release|Any CPU
		{3B21D513-DC00-45C9-9AF3-9AD960968D3B}.Debug|Any CPU.ActiveCfg = Debug|Any CPU
		{3B21D513-DC00-45C9-9AF3-9AD960968D3B}.Debug|Any CPU.Build.0 = Debug|Any CPU
		{3B21D513-DC00-45C9-9AF3-9AD960968D3B}.Release|Any CPU.ActiveCfg = Release|Any CPU
		{3B21D513-DC00-45C9-9AF3-9AD960968D3B}.Release|Any CPU.Build.0 = Release|Any CPU
		{B83B1EC7-118E-4EF6-8F6A-E3E133E398C5}.Debug|Any CPU.ActiveCfg = Debug|Any CPU
		{B83B1EC7-118E-4EF6-8F6A-E3E133E398C5}.Debug|Any CPU.Build.0 = Debug|Any CPU
		{B83B1EC7-118E-4EF6-8F6A-E3E133E398C5}.Release|Any CPU.ActiveCfg = Release|Any CPU
		{B83B1EC7-118E-4EF6-8F6A-E3E133E398C5}.Release|Any CPU.Build.0 = Release|Any CPU
		{AB5F4461-9706-4799-A560-95E15BE906E8}.Debug|Any CPU.ActiveCfg = Debug|Any CPU
		{AB5F4461-9706-4799-A560-95E15BE906E8}.Debug|Any CPU.Build.0 = Debug|Any CPU
		{AB5F4461-9706-4799-A560-95E15BE906E8}.Release|Any CPU.ActiveCfg = Release|Any CPU
		{AB5F4461-9706-4799-A560-95E15BE906E8}.Release|Any CPU.Build.0 = Release|Any CPU
		{2E34CCC9-081A-4E66-8EE4-DF3B58800E71}.Debug|Any CPU.ActiveCfg = Debug|Any CPU
		{2E34CCC9-081A-4E66-8EE4-DF3B58800E71}.Debug|Any CPU.Build.0 = Debug|Any CPU
		{2E34CCC9-081A-4E66-8EE4-DF3B58800E71}.Release|Any CPU.ActiveCfg = Release|Any CPU
		{2E34CCC9-081A-4E66-8EE4-DF3B58800E71}.Release|Any CPU.Build.0 = Release|Any CPU
		{70C62A62-D988-44B6-9B57-6B235039DD34}.Debug|Any CPU.ActiveCfg = Debug|Any CPU
		{70C62A62-D988-44B6-9B57-6B235039DD34}.Debug|Any CPU.Build.0 = Debug|Any CPU
		{70C62A62-D988-44B6-9B57-6B235039DD34}.Release|Any CPU.ActiveCfg = Release|Any CPU
		{70C62A62-D988-44B6-9B57-6B235039DD34}.Release|Any CPU.Build.0 = Release|Any CPU
		{CB0D3499-0BBC-407F-9052-F67029527570}.Debug|Any CPU.ActiveCfg = Debug|Any CPU
		{CB0D3499-0BBC-407F-9052-F67029527570}.Debug|Any CPU.Build.0 = Debug|Any CPU
		{CB0D3499-0BBC-407F-9052-F67029527570}.Release|Any CPU.ActiveCfg = Release|Any CPU
		{CB0D3499-0BBC-407F-9052-F67029527570}.Release|Any CPU.Build.0 = Release|Any CPU
		{C6936A86-C28E-4B9B-BD16-5B1524BF338D}.Debug|Any CPU.ActiveCfg = Debug|Any CPU
		{C6936A86-C28E-4B9B-BD16-5B1524BF338D}.Debug|Any CPU.Build.0 = Debug|Any CPU
		{C6936A86-C28E-4B9B-BD16-5B1524BF338D}.Release|Any CPU.ActiveCfg = Release|Any CPU
		{C6936A86-C28E-4B9B-BD16-5B1524BF338D}.Release|Any CPU.Build.0 = Release|Any CPU
		{7EB76C79-EABF-4C6C-9B7B-46E8141E996C}.Debug|Any CPU.ActiveCfg = Debug|Any CPU
		{7EB76C79-EABF-4C6C-9B7B-46E8141E996C}.Debug|Any CPU.Build.0 = Debug|Any CPU
		{7EB76C79-EABF-4C6C-9B7B-46E8141E996C}.Release|Any CPU.ActiveCfg = Release|Any CPU
		{7EB76C79-EABF-4C6C-9B7B-46E8141E996C}.Release|Any CPU.Build.0 = Release|Any CPU
		{5D025DE8-88F2-44A7-B0B9-D2972BD4A616}.Debug|Any CPU.ActiveCfg = Debug|Any CPU
		{5D025DE8-88F2-44A7-B0B9-D2972BD4A616}.Debug|Any CPU.Build.0 = Debug|Any CPU
		{5D025DE8-88F2-44A7-B0B9-D2972BD4A616}.Release|Any CPU.ActiveCfg = Release|Any CPU
		{5D025DE8-88F2-44A7-B0B9-D2972BD4A616}.Release|Any CPU.Build.0 = Release|Any CPU
		{2F38DCB8-8304-48E7-B3D6-3A5ACD4B5A96}.Debug|Any CPU.ActiveCfg = Debug|Any CPU
		{2F38DCB8-8304-48E7-B3D6-3A5ACD4B5A96}.Debug|Any CPU.Build.0 = Debug|Any CPU
		{2F38DCB8-8304-48E7-B3D6-3A5ACD4B5A96}.Release|Any CPU.ActiveCfg = Release|Any CPU
		{2F38DCB8-8304-48E7-B3D6-3A5ACD4B5A96}.Release|Any CPU.Build.0 = Release|Any CPU
		{FE2169AD-6B04-4572-B901-35D45689CCC4}.Debug|Any CPU.ActiveCfg = Debug|Any CPU
		{FE2169AD-6B04-4572-B901-35D45689CCC4}.Debug|Any CPU.Build.0 = Debug|Any CPU
		{FE2169AD-6B04-4572-B901-35D45689CCC4}.Release|Any CPU.ActiveCfg = Release|Any CPU
		{FE2169AD-6B04-4572-B901-35D45689CCC4}.Release|Any CPU.Build.0 = Release|Any CPU
		{F9EAB9B2-5E20-45E8-8E2C-7E415EA2C896}.Debug|Any CPU.ActiveCfg = Debug|Any CPU
		{F9EAB9B2-5E20-45E8-8E2C-7E415EA2C896}.Debug|Any CPU.Build.0 = Debug|Any CPU
		{F9EAB9B2-5E20-45E8-8E2C-7E415EA2C896}.Release|Any CPU.ActiveCfg = Release|Any CPU
		{F9EAB9B2-5E20-45E8-8E2C-7E415EA2C896}.Release|Any CPU.Build.0 = Release|Any CPU
		{96CA4F11-462C-4E81-A640-A9E61DF4AADE}.Debug|Any CPU.ActiveCfg = Debug|Any CPU
		{96CA4F11-462C-4E81-A640-A9E61DF4AADE}.Debug|Any CPU.Build.0 = Debug|Any CPU
		{96CA4F11-462C-4E81-A640-A9E61DF4AADE}.Release|Any CPU.ActiveCfg = Release|Any CPU
		{96CA4F11-462C-4E81-A640-A9E61DF4AADE}.Release|Any CPU.Build.0 = Release|Any CPU
		{4F532B59-B5EA-444B-8556-9F56C0226E63}.Debug|Any CPU.ActiveCfg = Debug|Any CPU
		{4F532B59-B5EA-444B-8556-9F56C0226E63}.Debug|Any CPU.Build.0 = Debug|Any CPU
		{4F532B59-B5EA-444B-8556-9F56C0226E63}.Release|Any CPU.ActiveCfg = Release|Any CPU
		{4F532B59-B5EA-444B-8556-9F56C0226E63}.Release|Any CPU.Build.0 = Release|Any CPU
	EndGlobalSection
	GlobalSection(SolutionProperties) = preSolution
		HideSolutionNode = FALSE
	EndGlobalSection
	GlobalSection(NestedProjects) = preSolution
		{D446703D-5C74-4478-BDAE-4813082CDA48} = {834C7885-FD66-44D4-A5ED-240E37BED6BD}
		{9FD358A6-D0AF-4D58-86D3-F13EEE8A0779} = {DB23EBFC-46F1-4B6A-89D8-E046C7F5BCA3}
		{C144B4EF-D4BA-44A0-B969-64CABA302AF7} = {DA5FF8FC-7936-4469-94B0-34EF8455EE5D}
		{42892FB4-5427-4C90-A790-225AA6D21A42} = {DA5FF8FC-7936-4469-94B0-34EF8455EE5D}
		{E90940B3-D159-4856-B2BE-A4F81A5BC62E} = {DA5FF8FC-7936-4469-94B0-34EF8455EE5D}
		{72A2567C-9A3D-4851-BF39-6FEC4A77CD62} = {DA5FF8FC-7936-4469-94B0-34EF8455EE5D}
		{6FA4E845-6045-43EF-81B0-DD679FD66F72} = {DA5FF8FC-7936-4469-94B0-34EF8455EE5D}
		{07E6EBC3-B2CD-4C17-B6B9-C82A12D45833} = {DA5FF8FC-7936-4469-94B0-34EF8455EE5D}
		{81B0C9AC-4939-4429-9995-FA015DBFC378} = {DA5FF8FC-7936-4469-94B0-34EF8455EE5D}
		{EB63C054-F72C-4A32-8035-34336AB3832F} = {DA5FF8FC-7936-4469-94B0-34EF8455EE5D}
		{2BFC496E-AF04-4160-A397-C58EB35F2889} = {EB63C054-F72C-4A32-8035-34336AB3832F}
		{DAFAFF88-7BD3-4A72-B492-7B0E9365E18F} = {A7FCB7E4-087D-45D3-B505-7EB5FEC97AB6}
		{4A3E9BDB-B21C-4259-8408-56B8FE307466} = {EB63C054-F72C-4A32-8035-34336AB3832F}
		{82806DCE-E69F-4914-A677-29CEBF64020B} = {A7FCB7E4-087D-45D3-B505-7EB5FEC97AB6}
		{827D9C50-258C-4E77-8EA8-7D9343B89F6F} = {EB63C054-F72C-4A32-8035-34336AB3832F}
		{0C142DB0-7907-42D9-A4E0-8847C1AD6871} = {A7FCB7E4-087D-45D3-B505-7EB5FEC97AB6}
		{00A3D6BB-0C0F-43FA-B532-B56D3FE7399C} = {DA5FF8FC-7936-4469-94B0-34EF8455EE5D}
		{C8A696A9-FE61-4B58-BC72-397807FE0121} = {00A3D6BB-0C0F-43FA-B532-B56D3FE7399C}
		{059D8E0F-1012-4105-9151-0A17D89FF8FD} = {1F9FD778-E970-48A3-AF1B-7817C4113E7A}
		{5D07EB05-1F8B-4039-B918-74B83E774962} = {00A3D6BB-0C0F-43FA-B532-B56D3FE7399C}
		{8F249C8B-D9A2-4D33-B8F9-0A96250A5F44} = {1F9FD778-E970-48A3-AF1B-7817C4113E7A}
		{50934C5A-4A98-44A7-B003-FBC9B32F8881} = {EB63C054-F72C-4A32-8035-34336AB3832F}
		{3B21D513-DC00-45C9-9AF3-9AD960968D3B} = {A7FCB7E4-087D-45D3-B505-7EB5FEC97AB6}
		{B83B1EC7-118E-4EF6-8F6A-E3E133E398C5} = {DA5FF8FC-7936-4469-94B0-34EF8455EE5D}
		{2E34CCC9-081A-4E66-8EE4-DF3B58800E71} = {DA5FF8FC-7936-4469-94B0-34EF8455EE5D}
		{0BAE0616-F6DE-418E-A8A1-D64775B3A16B} = {DA5FF8FC-7936-4469-94B0-34EF8455EE5D}
		{CB0D3499-0BBC-407F-9052-F67029527570} = {0BAE0616-F6DE-418E-A8A1-D64775B3A16B}
		{C6936A86-C28E-4B9B-BD16-5B1524BF338D} = {0BAE0616-F6DE-418E-A8A1-D64775B3A16B}
		{7EB76C79-EABF-4C6C-9B7B-46E8141E996C} = {8A1D7AD5-2FB3-41C5-8F38-7120106B427B}
		{5D025DE8-88F2-44A7-B0B9-D2972BD4A616} = {8A1D7AD5-2FB3-41C5-8F38-7120106B427B}
		{2F38DCB8-8304-48E7-B3D6-3A5ACD4B5A96} = {0BAE0616-F6DE-418E-A8A1-D64775B3A16B}
		{FE2169AD-6B04-4572-B901-35D45689CCC4} = {8A1D7AD5-2FB3-41C5-8F38-7120106B427B}
		{96CA4F11-462C-4E81-A640-A9E61DF4AADE} = {0BAE0616-F6DE-418E-A8A1-D64775B3A16B}
		{4F532B59-B5EA-444B-8556-9F56C0226E63} = {8A1D7AD5-2FB3-41C5-8F38-7120106B427B}
		{714B0706-1D2C-4C61-BC4E-093942C18885} = {285A905E-AE07-496C-8A34-1D812B4A236A}
		{0D786F73-2CC8-488D-885E-601662E951BA} = {09DABFA2-E13A-419B-9EEC-11A014E1243C}
		{2547E16E-2520-4FD8-8B21-A79EDC6C31D4} = {09DABFA2-E13A-419B-9EEC-11A014E1243C}
		{A119C7A9-EF20-4061-B766-C60D29A70FC6} = {09DABFA2-E13A-419B-9EEC-11A014E1243C}
		{70C62A62-D988-44B6-9B57-6B235039DD34} = {09DABFA2-E13A-419B-9EEC-11A014E1243C}
		{1B3B5AF3-72DE-4663-AEF6-3E7507B3E932} = {09DABFA2-E13A-419B-9EEC-11A014E1243C}
		{9940E73F-D522-4386-8D0D-65B32DBC58E1} = {09DABFA2-E13A-419B-9EEC-11A014E1243C}
		{72B43CB5-44B4-46E6-92DE-59948E2F8DC7} = {09DABFA2-E13A-419B-9EEC-11A014E1243C}
		{A01A8E49-712C-46D9-9230-CBFE7483DD18} = {09DABFA2-E13A-419B-9EEC-11A014E1243C}
		{AB5F4461-9706-4799-A560-95E15BE906E8} = {09DABFA2-E13A-419B-9EEC-11A014E1243C}
		{A7FCB7E4-087D-45D3-B505-7EB5FEC97AB6} = {09DABFA2-E13A-419B-9EEC-11A014E1243C}
		{1F9FD778-E970-48A3-AF1B-7817C4113E7A} = {09DABFA2-E13A-419B-9EEC-11A014E1243C}
		{8A1D7AD5-2FB3-41C5-8F38-7120106B427B} = {09DABFA2-E13A-419B-9EEC-11A014E1243C}
		{F9EAB9B2-5E20-45E8-8E2C-7E415EA2C896} = {09DABFA2-E13A-419B-9EEC-11A014E1243C}
		{80BD79F2-B835-4789-9FA6-A7238994C7C3} = {09DABFA2-E13A-419B-9EEC-11A014E1243C}
	EndGlobalSection
	GlobalSection(ExtensibilityGlobals) = postSolution
		SolutionGuid = {3FEF45BB-2269-4080-B6FD-C782F257A901}
	EndGlobalSection
EndGlobal
